
Microsoft Visual Studio Solution File, Format Version 12.00
# Visual Studio Version 16
VisualStudioVersion = 16.0.31205.134
MinimumVisualStudioVersion = 10.0.40219.1
Project("{9A19103F-16F7-4668-BE54-9A1E7A4F7556}") = "Shop.Domain", "Shop.Domain\Shop.Domain.csproj", "{F012DD32-1B2B-4F88-85FE-952A23C9BD5C}"
EndProject
Project("{2150E333-8FDC-42A3-9474-1A3956D46DE8}") = "BoundedContext", "BoundedContext", "{A8E48A54-CC22-4F9A-8128-F394595C37F3}"
EndProject
Project("{2150E333-8FDC-42A3-9474-1A3956D46DE8}") = "Shop", "Shop", "{2B6CB28E-6C97-44E5-834D-D2D3C647389E}"
EndProject
Project("{9A19103F-16F7-4668-BE54-9A1E7A4F7556}") = "Shop.Infrastructure", "Shop.Infrastructure\Shop.Infrastructure.csproj", "{AFB9C2B3-3FC8-4CBC-8A38-0858FB39135E}"
	ProjectSection(ProjectDependencies) = postProject
		{F012DD32-1B2B-4F88-85FE-952A23C9BD5C} = {F012DD32-1B2B-4F88-85FE-952A23C9BD5C}
	EndProjectSection
EndProject
Project("{9A19103F-16F7-4668-BE54-9A1E7A4F7556}") = "Shop.Application", "Shop.Application\Shop.Application.csproj", "{2A0A0960-451E-481E-9523-663720F27D30}"
	ProjectSection(ProjectDependencies) = postProject
		{F012DD32-1B2B-4F88-85FE-952A23C9BD5C} = {F012DD32-1B2B-4F88-85FE-952A23C9BD5C}
		{AFB9C2B3-3FC8-4CBC-8A38-0858FB39135E} = {AFB9C2B3-3FC8-4CBC-8A38-0858FB39135E}
	EndProjectSection
EndProject
Project("{2150E333-8FDC-42A3-9474-1A3956D46DE8}") = "Interfaces", "Interfaces", "{BDB9DFB0-FB55-4DD1-B601-DB550EBE6D15}"
EndProject
Project("{9A19103F-16F7-4668-BE54-9A1E7A4F7556}") = "Presentation.ConsoleApp", "Presentation.ConsoleApp\Presentation.ConsoleApp.csproj", "{8C377924-FB70-406A-931B-116E30269353}"
	ProjectSection(ProjectDependencies) = postProject
		{F012DD32-1B2B-4F88-85FE-952A23C9BD5C} = {F012DD32-1B2B-4F88-85FE-952A23C9BD5C}
		{2A0A0960-451E-481E-9523-663720F27D30} = {2A0A0960-451E-481E-9523-663720F27D30}
		{AFB9C2B3-3FC8-4CBC-8A38-0858FB39135E} = {AFB9C2B3-3FC8-4CBC-8A38-0858FB39135E}
	EndProjectSection
EndProject
Project("{2150E333-8FDC-42A3-9474-1A3956D46DE8}") = "Tests", "Tests", "{4D939C21-3E81-45DB-8B9E-0C8CB372930C}"
EndProject
Project("{2150E333-8FDC-42A3-9474-1A3956D46DE8}") = "ObjctMothers", "ObjctMothers", "{8537BC09-B232-45D9-8700-3BC60A48861C}"
EndProject
Project("{2150E333-8FDC-42A3-9474-1A3956D46DE8}") = "UnitTests", "UnitTests", "{FEF2CB92-DC36-4BB8-854A-A2801CD7A803}"
EndProject
Project("{9A19103F-16F7-4668-BE54-9A1E7A4F7556}") = "ObjectMothers", "ObjectMothers\ObjectMothers.csproj", "{8AFD2251-A15F-4EB1-8405-8634DB0345E4}"
	ProjectSection(ProjectDependencies) = postProject
		{F012DD32-1B2B-4F88-85FE-952A23C9BD5C} = {F012DD32-1B2B-4F88-85FE-952A23C9BD5C}
	EndProjectSection
EndProject
Project("{9A19103F-16F7-4668-BE54-9A1E7A4F7556}") = "DomainTests", "DomainTests\DomainTests.csproj", "{3BAFC8AC-254B-4CBE-803E-1D151CB288CB}"
	ProjectSection(ProjectDependencies) = postProject
		{F012DD32-1B2B-4F88-85FE-952A23C9BD5C} = {F012DD32-1B2B-4F88-85FE-952A23C9BD5C}
	EndProjectSection
EndProject
Project("{FAE04EC0-301F-11D3-BF4B-00C04F79EFBC}") = "Presentation.WebApplication", "Presentation.WebApplication\Presentation.WebApplication.csproj", "{119DD57D-276E-49A6-B631-64EE6A1D5DC8}"
EndProject
Project("{FAE04EC0-301F-11D3-BF4B-00C04F79EFBC}") = "Presentation.TransportApi", "Presentation.TransportApi\Presentation.TransportApi.csproj", "{4A4A430E-A719-4D00-A6BB-F207110CC155}"
EndProject
Global
	GlobalSection(SolutionConfigurationPlatforms) = preSolution
		Debug|Any CPU = Debug|Any CPU
		Release|Any CPU = Release|Any CPU
	EndGlobalSection
	GlobalSection(ProjectConfigurationPlatforms) = postSolution
		{F012DD32-1B2B-4F88-85FE-952A23C9BD5C}.Debug|Any CPU.ActiveCfg = Debug|Any CPU
		{F012DD32-1B2B-4F88-85FE-952A23C9BD5C}.Debug|Any CPU.Build.0 = Debug|Any CPU
		{F012DD32-1B2B-4F88-85FE-952A23C9BD5C}.Release|Any CPU.ActiveCfg = Release|Any CPU
		{F012DD32-1B2B-4F88-85FE-952A23C9BD5C}.Release|Any CPU.Build.0 = Release|Any CPU
		{AFB9C2B3-3FC8-4CBC-8A38-0858FB39135E}.Debug|Any CPU.ActiveCfg = Debug|Any CPU
		{AFB9C2B3-3FC8-4CBC-8A38-0858FB39135E}.Debug|Any CPU.Build.0 = Debug|Any CPU
		{AFB9C2B3-3FC8-4CBC-8A38-0858FB39135E}.Release|Any CPU.ActiveCfg = Release|Any CPU
		{AFB9C2B3-3FC8-4CBC-8A38-0858FB39135E}.Release|Any CPU.Build.0 = Release|Any CPU
		{2A0A0960-451E-481E-9523-663720F27D30}.Debug|Any CPU.ActiveCfg = Debug|Any CPU
		{2A0A0960-451E-481E-9523-663720F27D30}.Debug|Any CPU.Build.0 = Debug|Any CPU
		{2A0A0960-451E-481E-9523-663720F27D30}.Release|Any CPU.ActiveCfg = Release|Any CPU
		{2A0A0960-451E-481E-9523-663720F27D30}.Release|Any CPU.Build.0 = Release|Any CPU
		{8C377924-FB70-406A-931B-116E30269353}.Debug|Any CPU.ActiveCfg = Debug|Any CPU
		{8C377924-FB70-406A-931B-116E30269353}.Debug|Any CPU.Build.0 = Debug|Any CPU
		{8C377924-FB70-406A-931B-116E30269353}.Release|Any CPU.ActiveCfg = Release|Any CPU
		{8C377924-FB70-406A-931B-116E30269353}.Release|Any CPU.Build.0 = Release|Any CPU
		{8AFD2251-A15F-4EB1-8405-8634DB0345E4}.Debug|Any CPU.ActiveCfg = Debug|Any CPU
		{8AFD2251-A15F-4EB1-8405-8634DB0345E4}.Debug|Any CPU.Build.0 = Debug|Any CPU
		{8AFD2251-A15F-4EB1-8405-8634DB0345E4}.Release|Any CPU.ActiveCfg = Release|Any CPU
		{8AFD2251-A15F-4EB1-8405-8634DB0345E4}.Release|Any CPU.Build.0 = Release|Any CPU
		{3BAFC8AC-254B-4CBE-803E-1D151CB288CB}.Debug|Any CPU.ActiveCfg = Debug|Any CPU
		{3BAFC8AC-254B-4CBE-803E-1D151CB288CB}.Debug|Any CPU.Build.0 = Debug|Any CPU
		{3BAFC8AC-254B-4CBE-803E-1D151CB288CB}.Release|Any CPU.ActiveCfg = Release|Any CPU
		{3BAFC8AC-254B-4CBE-803E-1D151CB288CB}.Release|Any CPU.Build.0 = Release|Any CPU
		{119DD57D-276E-49A6-B631-64EE6A1D5DC8}.Debug|Any CPU.ActiveCfg = Debug|Any CPU
		{119DD57D-276E-49A6-B631-64EE6A1D5DC8}.Debug|Any CPU.Build.0 = Debug|Any CPU
		{119DD57D-276E-49A6-B631-64EE6A1D5DC8}.Release|Any CPU.ActiveCfg = Release|Any CPU
		{119DD57D-276E-49A6-B631-64EE6A1D5DC8}.Release|Any CPU.Build.0 = Release|Any CPU
		{4A4A430E-A719-4D00-A6BB-F207110CC155}.Debug|Any CPU.ActiveCfg = Debug|Any CPU
		{4A4A430E-A719-4D00-A6BB-F207110CC155}.Debug|Any CPU.Build.0 = Debug|Any CPU
		{4A4A430E-A719-4D00-A6BB-F207110CC155}.Release|Any CPU.ActiveCfg = Release|Any CPU
		{4A4A430E-A719-4D00-A6BB-F207110CC155}.Release|Any CPU.Build.0 = Release|Any CPU
	EndGlobalSection
	GlobalSection(SolutionProperties) = preSolution
		HideSolutionNode = FALSE
	EndGlobalSection
	GlobalSection(NestedProjects) = preSolution
		{F012DD32-1B2B-4F88-85FE-952A23C9BD5C} = {2B6CB28E-6C97-44E5-834D-D2D3C647389E}
		{2B6CB28E-6C97-44E5-834D-D2D3C647389E} = {A8E48A54-CC22-4F9A-8128-F394595C37F3}
		{AFB9C2B3-3FC8-4CBC-8A38-0858FB39135E} = {2B6CB28E-6C97-44E5-834D-D2D3C647389E}
		{2A0A0960-451E-481E-9523-663720F27D30} = {2B6CB28E-6C97-44E5-834D-D2D3C647389E}
		{8C377924-FB70-406A-931B-116E30269353} = {BDB9DFB0-FB55-4DD1-B601-DB550EBE6D15}
		{8537BC09-B232-45D9-8700-3BC60A48861C} = {4D939C21-3E81-45DB-8B9E-0C8CB372930C}
		{FEF2CB92-DC36-4BB8-854A-A2801CD7A803} = {4D939C21-3E81-45DB-8B9E-0C8CB372930C}
		{8AFD2251-A15F-4EB1-8405-8634DB0345E4} = {8537BC09-B232-45D9-8700-3BC60A48861C}
		{3BAFC8AC-254B-4CBE-803E-1D151CB288CB} = {FEF2CB92-DC36-4BB8-854A-A2801CD7A803}
		{119DD57D-276E-49A6-B631-64EE6A1D5DC8} = {BDB9DFB0-FB55-4DD1-B601-DB550EBE6D15}
		{4A4A430E-A719-4D00-A6BB-F207110CC155} = {BDB9DFB0-FB55-4DD1-B601-DB550EBE6D15}
	EndGlobalSection
	GlobalSection(ExtensibilityGlobals) = postSolution
		SolutionGuid = {9496AF76-72E1-4133-B88A-B90DDCD577A8}
	EndGlobalSection
EndGlobal
